{
    "_meta": {
        "hash": {
            "sha256": "306c493447c9441ee96eff55c83028cc28e8699eca85eb7e2a770bf0322b7fe6"
        },
        "pipfile-spec": 6,
        "requires": {
            "python_version": "3.8"
        },
        "sources": [
            {
                "name": "pypi",
                "url": "https://pypi.org/simple",
                "verify_ssl": true
            }
        ]
    },
    "default": {
        "scapy": {
            "hashes": [
                "sha256:1baa048936207ceb1a4281a0e1e3b4317667c754872a0bb4734c5213c468e86a"
            ],
            "index": "pypi",
            "version": "==2.4.2"
        }
    },
    "develop": {}
}
